Microsoft Visual Studio Solution File, Format Version 12.00
# Visual Studio Version 17
VisualStudioVersion = 17.10.35013.160
MinimumVisualStudioVersion = 10.0.40219.1
Project("{FAE04EC0-301F-11D3-BF4B-00C04F79EFBC}") = "Monkey.AppHost", "Monkey.AppHost\Monkey.AppHost.csproj", "{CAC28920-101D-455D-9F72-9F798B1C1CB3}"
EndProject
Project("{9A19103F-16F7-4668-BE54-9A1E7A4F7556}") = "Monkey.ServiceDefaults", "Monkey.ServiceDefaults\Monkey.ServiceDefaults.csproj", "{15270C24-73A0-45FB-B2CA-971EF074F2D5}"
EndProject
Global
	GlobalSection(SolutionConfigurationPlatforms) = preSolution
		Debug|Any CPU = Debug|Any CPU
		Release|Any CPU = Release|Any CPU
	EndGlobalSection
	GlobalSection(ProjectConfigurationPlatforms) = postSolution
		{CAC28920-101D-455D-9F72-9F798B1C1CB3}.Debug|Any CPU.ActiveCfg = Debug|Any CPU
		{CAC28920-101D-455D-9F72-9F798B1C1CB3}.Debug|Any CPU.Build.0 = Debug|Any CPU
		{CAC28920-101D-455D-9F72-9F798B1C1CB3}.Release|Any CPU.ActiveCfg = Release|Any CPU
		{CAC28920-101D-455D-9F72-9F798B1C1CB3}.Release|Any CPU.Build.0 = Release|Any CPU
		{15270C24-73A0-45FB-B2CA-971EF074F2D5}.Debug|Any CPU.ActiveCfg = Debug|Any CPU
		{15270C24-73A0-45FB-B2CA-971EF074F2D5}.Debug|Any CPU.Build.0 = Debug|Any CPU
		{15270C24-73A0-45FB-B2CA-971EF074F2D5}.Release|Any CPU.ActiveCfg = Release|Any CPU
		{15270C24-73A0-45FB-B2CA-971EF074F2D5}.Release|Any CPU.Build.0 = Release|Any CPU
	EndGlobalSection
	GlobalSection(SolutionProperties) = preSolution
		HideSolutionNode = FALSE
	EndGlobalSection
	GlobalSection(ExtensibilityGlobals) = postSolution
		SolutionGuid = {077942E4-E9A3-4A1C-8C10-13A5F428EBD1}
	EndGlobalSection
EndGlobal
